
Microsoft Visual Studio Solution File, Format Version 12.00
# Visual Studio 2013
VisualStudioVersion = 12.0.21005.1
MinimumVisualStudioVersion = 10.0.40219.1
Project("{FAE04EC0-301F-11D3-BF4B-00C04F79EFBC}") = "hrIs-Fibo", "hrIs-Fibo\hrIs-Fibo.csproj", "{84E0A0A8-C893-404B-B43E-FC241CFE93E4}"
EndProject
Project("{FAE04EC0-301F-11D3-BF4B-00C04F79EFBC}") = "hrIs-FiboTest", "hrIs-FiboTest\hrIs-FiboTest.csproj", "{9D5F6046-476A-4190-9ED8-CEA17BA44F36}"
EndProject
Global
	GlobalSection(SolutionConfigurationPlatforms) = preSolution
		Debug|Any CPU = Debug|Any CPU
		Release|Any CPU = Release|Any CPU
	EndGlobalSection
	GlobalSection(ProjectConfigurationPlatforms) = postSolution
		{84E0A0A8-C893-404B-B43E-FC241CFE93E4}.Debug|Any CPU.ActiveCfg = Debug|Any CPU
		{84E0A0A8-C893-404B-B43E-FC241CFE93E4}.Debug|Any CPU.Build.0 = Debug|Any CPU
		{84E0A0A8-C893-404B-B43E-FC241CFE93E4}.Release|Any CPU.ActiveCfg = Release|Any CPU
		{84E0A0A8-C893-404B-B43E-FC241CFE93E4}.Release|Any CPU.Build.0 = Release|Any CPU
		{9D5F6046-476A-4190-9ED8-CEA17BA44F36}.Debug|Any CPU.ActiveCfg = Debug|Any CPU
		{9D5F6046-476A-4190-9ED8-CEA17BA44F36}.Debug|Any CPU.Build.0 = Debug|Any CPU
		{9D5F6046-476A-4190-9ED8-CEA17BA44F36}.Release|Any CPU.ActiveCfg = Release|Any CPU
		{9D5F6046-476A-4190-9ED8-CEA17BA44F36}.Release|Any CPU.Build.0 = Release|Any CPU
	EndGlobalSection
	GlobalSection(SolutionProperties) = preSolution
		HideSolutionNode = FALSE
	EndGlobalSection
EndGlobal
